{
  "nodes": {
    "home-manager": {
      "inputs": {
        "nixpkgs": [
          "nixpkgs"
        ],
        "utils": "utils"
      },
      "locked": {
        "lastModified": 1657213438,
        "narHash": "sha256-FKZRHORuj1BhlEqKgW7EYqRpH9WiAp+oV/tZ3x8e6Ow=",
        "owner": "nix-community",
        "repo": "home-manager",
        "rev": "25a9948361cc6676e70c1b439e4d40f0610e8f76",
        "type": "github"
      },
      "original": {
        "owner": "nix-community",
        "repo": "home-manager",
        "type": "github"
      }
    },
    "kmonad": {
      "inputs": {
        "nixpkgs": "nixpkgs"
      },
      "locked": {
        "dir": "nix",
        "lastModified": 1656914615,
        "narHash": "sha256-XrBCppEVnzh+RH2fz4+k/kqmUP3AEn8PP+IfF05CS14=",
        "owner": "kmonad",
        "repo": "kmonad",
        "rev": "ac3c0db4f7fca0f66980d1b76a64630a66a36c21",
        "type": "github"
      },
      "original": {
        "dir": "nix",
        "owner": "kmonad",
        "repo": "kmonad",
        "type": "github"
      }
    },
    "local_config": {
      "inputs": {
        "nixpkgs": [
          "nixpkgs"
        ]
      },
      "locked": {
        "lastModified": 1,
        "narHash": "sha256-bWVkSmCQGbUQZsUUIB3PMV98v1HLvc+BMoiFjMC6fgc=",
        "path": "./local_config",
        "type": "path"
      },
      "original": {
        "path": "./local_config",
        "type": "path"
      }
    },
    "nixpkgs": {
      "locked": {
        "lastModified": 1653326962,
        "narHash": "sha256-W8feCYqKTsMre4nAEpv5Kx1PVFC+hao/LwqtB2Wci/8=",
        "owner": "NixOS",
        "repo": "nixpkgs",
        "rev": "41cc1d5d9584103be4108c1815c350e07c807036",
        "type": "github"
      },
      "original": {
        "owner": "NixOS",
        "ref": "nixpkgs-unstable",
        "repo": "nixpkgs",
        "type": "github"
      }
    },
    "nixpkgs_2": {
      "locked": {
        "lastModified": 1657114324,
        "narHash": "sha256-fWuaUNXrHcz/ciHRHlcSO92dvV3EVS0GJQUSBO5JIB4=",
        "owner": "NixOS",
        "repo": "nixpkgs",
        "rev": "a5c867d9fe9e4380452628e8f171c26b69fa9d3d",
        "type": "github"
      },
      "original": {
        "id": "nixpkgs",
        "ref": "nixos-unstable",
        "type": "indirect"
      }
    },
    "nixpkgs_3": {
      "locked": {
        "lastModified": 1656401090,
        "narHash": "sha256-bUS2nfQsvTQW2z8SK7oEFSElbmoBahOPtbXPm0AL3I4=",
        "owner": "NixOS",
        "repo": "nixpkgs",
        "rev": "16de63fcc54e88b9a106a603038dd5dd2feb21eb",
        "type": "github"
      },
      "original": {
        "id": "nixpkgs",
        "type": "indirect"
      }
    },
    "rofi-blocks": {
      "inputs": {
        "nixpkgs": "nixpkgs_3"
      },
      "locked": {
        "lastModified": 1656531628,
        "narHash": "sha256-m1Zfvw2Oh5Vcx0DKIKRR8eh/8Veubyhzv+hJa7J4CoE=",
        "owner": "dripware",
        "repo": "rofi-blocks-nix",
        "rev": "038576226f3278a947d2b0db9b3343d93b2d789a",
        "type": "github"
      },
      "original": {
        "owner": "dripware",
        "repo": "rofi-blocks-nix",
        "type": "github"
      }
    },
    "root": {
      "inputs": {
        "home-manager": "home-manager",
        "kmonad": "kmonad",
        "local_config": "local_config",
        "nixpkgs": "nixpkgs_2",
        "rofi-blocks": "rofi-blocks"
      }
    },
    "utils": {
      "locked": {
        "lastModified": 1653893745,
        "narHash": "sha256-0jntwV3Z8//YwuOjzhV2sgJJPt+HY6KhU7VZUL0fKZQ=",
        "owner": "numtide",
        "repo": "flake-utils",
        "rev": "1ed9fb1935d260de5fe1c2f7ee0ebaae17ed2fa1",
        "type": "github"
      },
      "original": {
        "owner": "numtide",
        "repo": "flake-utils",
        "type": "github"
      }
    }
  },
  "root": "root",
  "version": 7
}
